{
  "version": 1,
  "sidecar": "git@github.com:compozy/specs.git",
  "source_branch": "main",
  "namespaces": [
    {
      "name": "agh",
      "sidecar_branch": "agh/__branches__/main",
      "commit": "a39d0b72e1879601d85eee1216ed9645e741a804",
      "digest": "sha256:db9103f62466fe869bfacf707681bef18e2dd35c56beb0e80c2d86546bb20f38",
      "files": 5762,
      "bytes": 55516893
    }
  ]
}
