{
  "version": 1,
  "sidecar": "git@github.com:compozy/specs.git",
  "source_branch": "main",
  "namespaces": [
    {
      "name": "agh",
      "sidecar_branch": "agh/__branches__/main",
      "commit": "91a834876507be98db2126eaf996230a9afb3a4b",
      "digest": "sha256:707603f3f6d5d1ed2673347e31cf19c1160763f9c47c9584f499cef6e2e98cde",
      "files": 5575,
      "bytes": 46124945
    }
  ]
}
