{
  "version": 1,
  "sidecar": "git@github.com:compozy/specs.git",
  "source_branch": "main",
  "namespaces": [
    {
      "name": "agh",
      "sidecar_branch": "agh/__branches__/main",
      "commit": "2efa26524cc5623ec207520e9b4dd761c7a17697",
      "digest": "sha256:0ed3c04c6c5fac8c654648ef156564be2c680247ea0b29dd5681ad41fd9c306e",
      "files": 5618,
      "bytes": 45496512
    }
  ]
}
